
Microsoft Visual Studio Solution File, Format Version 12.00
# Visual Studio Version 16
VisualStudioVersion = 16.0.28803.452
MinimumVisualStudioVersion = 10.0.40219.1
Project("{FAE04EC0-301F-11D3-BF4B-00C04F79EFBC}") = "LearningCore", "LearningCore\LearningCore.csproj", "{A0F8A3E7-62A6-44C3-B94C-D778838EF626}"
EndProject
Global
	GlobalSection(SolutionConfigurationPlatforms) = preSolution
		Debug|Any CPU = Debug|Any CPU
		Release|Any CPU = Release|Any CPU
	EndGlobalSection
	GlobalSection(ProjectConfigurationPlatforms) = postSolution
		{A0F8A3E7-62A6-44C3-B94C-D778838EF626}.Debug|Any CPU.ActiveCfg = Debug|Any CPU
		{A0F8A3E7-62A6-44C3-B94C-D778838EF626}.Debug|Any CPU.Build.0 = Debug|Any CPU
		{A0F8A3E7-62A6-44C3-B94C-D778838EF626}.Release|Any CPU.ActiveCfg = Release|Any CPU
		{A0F8A3E7-62A6-44C3-B94C-D778838EF626}.Release|Any CPU.Build.0 = Release|Any CPU
	EndGlobalSection
	GlobalSection(SolutionProperties) = preSolution
		HideSolutionNode = FALSE
	EndGlobalSection
	GlobalSection(ExtensibilityGlobals) = postSolution
		SolutionGuid = {FA61B590-8552-4E0E-A09B-6D8E00F01531}
	EndGlobalSection
EndGlobal
